version = 1
revision = 3
requires-python = ">=3.12"

[[package]]
name = "fastcore"
version = "1.12.18"
source = { registry = "https://pypi.org/simple" }
sdist = { url = "https://files.pythonhosted.org/packages/f9/f0/d1298b8a4cdba4d816e951b501e5d9c61a29474a0d7d791d478747895478/fastcore-1.12.18.tar.gz", hash = "sha256:bfdc4ba1e887b8f96b9260b02a9a92bfc6f1e6b410de0a08d6ef1d836d78c81f", size = 92626, upload-time = "2026-02-25T02:27:36.395Z" }
wheels = [
    { url = "https://files.pythonhosted.org/packages/17/c1/e2d526496edd80f1de09c1188f78c6567fe7ba50d6bdecb88e8a43cbef17/fastcore-1.12.18-py3-none-any.whl", hash = "sha256:5febe96e5365b2ae889288dbf07c4d17d59d3e76103543d7528788923960bbac", size = 96855, upload-time = "2026-02-25T02:27:34.349Z" },
]

[[package]]
name = "seo-rat"
source = { editable = "." }
dependencies = [
    { name = "fastcore" },
]

[package.metadata]
requires-dist = [{ name = "fastcore", specifier = ">=1.12.18" }]
